
Microsoft Visual Studio Solution File, Format Version 12.00
Project("{FAE04EC0-301F-11D3-BF4B-00C04F79EFBC}") = "hw_7", "hw_7\hw_7.csproj", "{28CB60E9-6E5D-4E0A-93FF-695B6789DD0A}"
EndProject
Project("{FAE04EC0-301F-11D3-BF4B-00C04F79EFBC}") = "hw_7_dop3", "hw_7_dop3\hw_7_dop3.csproj", "{9D4052FF-95C0-4D45-B29F-F22891BFECF8}"
EndProject
Global
	GlobalSection(SolutionConfigurationPlatforms) = preSolution
		Debug|Any CPU = Debug|Any CPU
		Release|Any CPU = Release|Any CPU
	EndGlobalSection
	GlobalSection(ProjectConfigurationPlatforms) = postSolution
		{28CB60E9-6E5D-4E0A-93FF-695B6789DD0A}.Debug|Any CPU.ActiveCfg = Debug|Any CPU
		{28CB60E9-6E5D-4E0A-93FF-695B6789DD0A}.Debug|Any CPU.Build.0 = Debug|Any CPU
		{28CB60E9-6E5D-4E0A-93FF-695B6789DD0A}.Release|Any CPU.ActiveCfg = Release|Any CPU
		{28CB60E9-6E5D-4E0A-93FF-695B6789DD0A}.Release|Any CPU.Build.0 = Release|Any CPU
		{9D4052FF-95C0-4D45-B29F-F22891BFECF8}.Debug|Any CPU.ActiveCfg = Debug|Any CPU
		{9D4052FF-95C0-4D45-B29F-F22891BFECF8}.Debug|Any CPU.Build.0 = Debug|Any CPU
		{9D4052FF-95C0-4D45-B29F-F22891BFECF8}.Release|Any CPU.ActiveCfg = Release|Any CPU
		{9D4052FF-95C0-4D45-B29F-F22891BFECF8}.Release|Any CPU.Build.0 = Release|Any CPU
	EndGlobalSection
EndGlobal
