
Microsoft Visual Studio Solution File, Format Version 12.00
Project("{FAE04EC0-301F-11D3-BF4B-00C04F79EFBC}") = "hw_3", "hw_3\hw_3.csproj", "{18CD4522-7427-4BF0-A187-A760C42204CC}"
EndProject
Project("{FAE04EC0-301F-11D3-BF4B-00C04F79EFBC}") = "hw_3_server", "hw_3_server\hw_3_server.csproj", "{DD9FD160-16AC-409C-A978-BE8541AF00E8}"
EndProject
Global
	GlobalSection(SolutionConfigurationPlatforms) = preSolution
		Debug|Any CPU = Debug|Any CPU
		Release|Any CPU = Release|Any CPU
	EndGlobalSection
	GlobalSection(ProjectConfigurationPlatforms) = postSolution
		{18CD4522-7427-4BF0-A187-A760C42204CC}.Debug|Any CPU.ActiveCfg = Debug|Any CPU
		{18CD4522-7427-4BF0-A187-A760C42204CC}.Debug|Any CPU.Build.0 = Debug|Any CPU
		{18CD4522-7427-4BF0-A187-A760C42204CC}.Release|Any CPU.ActiveCfg = Release|Any CPU
		{18CD4522-7427-4BF0-A187-A760C42204CC}.Release|Any CPU.Build.0 = Release|Any CPU
		{DD9FD160-16AC-409C-A978-BE8541AF00E8}.Debug|Any CPU.ActiveCfg = Debug|Any CPU
		{DD9FD160-16AC-409C-A978-BE8541AF00E8}.Debug|Any CPU.Build.0 = Debug|Any CPU
		{DD9FD160-16AC-409C-A978-BE8541AF00E8}.Release|Any CPU.ActiveCfg = Release|Any CPU
		{DD9FD160-16AC-409C-A978-BE8541AF00E8}.Release|Any CPU.Build.0 = Release|Any CPU
	EndGlobalSection
EndGlobal
